
Microsoft Visual Studio Solution File, Format Version 12.00
# Visual Studio 14
VisualStudioVersion = 14.0.24720.0
MinimumVisualStudioVersion = 10.0.40219.1
Project("{FAE04EC0-301F-11D3-BF4B-00C04F79EFBC}") = "Client", "CommTest\Client.csproj", "{0E8F6012-E906-458E-ABC1-174A6957385C}"
EndProject
Project("{FAE04EC0-301F-11D3-BF4B-00C04F79EFBC}") = "Host", "Host\Host.csproj", "{5D7D118C-EA46-4368-B883-7620A704EEE2}"
EndProject
Project("{FAE04EC0-301F-11D3-BF4B-00C04F79EFBC}") = "CS-BlockingQueue", "CS-BlockingQueue\CS-BlockingQueue\CS-BlockingQueue.csproj", "{2B18C238-3961-44BE-8813-0D4A8DC89FBF}"
EndProject
Project("{FAE04EC0-301F-11D3-BF4B-00C04F79EFBC}") = "TestHarness", "TestHarness\TestHarness.csproj", "{9563DB42-91A4-4D39-A609-33D420CF4794}"
EndProject
Project("{FAE04EC0-301F-11D3-BF4B-00C04F79EFBC}") = "Test", "Test\Test.csproj", "{1836DE76-4712-4F7E-A6CF-567AE513E574}"
EndProject
Project("{FAE04EC0-301F-11D3-BF4B-00C04F79EFBC}") = "XMLBuilder", "XMLBuilder\XMLBuilder.csproj", "{7173B4A1-1672-4638-AAAD-3E4FCBDB616D}"
EndProject
Project("{FAE04EC0-301F-11D3-BF4B-00C04F79EFBC}") = "AppDomainManager", "AppDomainManager\AppDomainManager.csproj", "{0B8551A4-A646-452D-9A8E-4E11FD736965}"
EndProject
Project("{FAE04EC0-301F-11D3-BF4B-00C04F79EFBC}") = "TestInterfaces", "TestLib\TestInterfaces.csproj", "{DE20F432-9C0F-4614-BF88-27AB21DF8E2E}"
EndProject
Project("{FAE04EC0-301F-11D3-BF4B-00C04F79EFBC}") = "WpfClient", "WpfClient\WpfClient.csproj", "{1F5B940E-367C-4122-863F-3D35D6E6D3A2}"
EndProject
Project("{FAE04EC0-301F-11D3-BF4B-00C04F79EFBC}") = "CodeToTest1", "CodeToTest1\CodeToTest1.csproj", "{1D512EEE-733C-43B7-BD31-166EEEDD19AA}"
EndProject
Project("{FAE04EC0-301F-11D3-BF4B-00C04F79EFBC}") = "CodeToTest2", "CodeToTest2\CodeToTest2.csproj", "{2C368A8F-201B-4F52-8FEE-6CBA4BC660DB}"
EndProject
Project("{FAE04EC0-301F-11D3-BF4B-00C04F79EFBC}") = "TestDriver1", "TestDriver1\TestDriver1.csproj", "{06E502CE-59D5-4978-BFF4-2A6DFA0D3DFF}"
EndProject
Project("{FAE04EC0-301F-11D3-BF4B-00C04F79EFBC}") = "TestDriver2", "TestDriver2\TestDriver2.csproj", "{120F41E4-60C3-4862-A636-A4E1223F959A}"
EndProject
Project("{FAE04EC0-301F-11D3-BF4B-00C04F79EFBC}") = "TestDriver3", "TestDriver3\TestDriver3.csproj", "{B010DBD3-8E32-4328-A5D1-1318FF94B41C}"
EndProject
Project("{FAE04EC0-301F-11D3-BF4B-00C04F79EFBC}") = "ResultMessage", "ResultMessage\ResultMessage.csproj", "{7DB840CA-2BEE-4EDD-AA15-D131917C07FC}"
EndProject
Project("{FAE04EC0-301F-11D3-BF4B-00C04F79EFBC}") = "TestExecutive", "TestExecutive\TestExecutive.csproj", "{0A889ED0-CB8E-40C8-BB5A-FA25B83F06C9}"
EndProject
Project("{FAE04EC0-301F-11D3-BF4B-00C04F79EFBC}") = "HiResTimer", "HiResTimer\HiResTimer.csproj", "{D9492788-3D70-478D-A624-A5DE5530F5AD}"
EndProject
Global
	GlobalSection(SolutionConfigurationPlatforms) = preSolution
		Debug|Any CPU = Debug|Any CPU
		Debug|ARM = Debug|ARM
		Debug|x64 = Debug|x64
		Debug|x86 = Debug|x86
		Release|Any CPU = Release|Any CPU
		Release|ARM = Release|ARM
		Release|x64 = Release|x64
		Release|x86 = Release|x86
	EndGlobalSection
	GlobalSection(ProjectConfigurationPlatforms) = postSolution
		{0E8F6012-E906-458E-ABC1-174A6957385C}.Debug|Any CPU.ActiveCfg = Debug|Any CPU
		{0E8F6012-E906-458E-ABC1-174A6957385C}.Debug|Any CPU.Build.0 = Debug|Any CPU
		{0E8F6012-E906-458E-ABC1-174A6957385C}.Debug|ARM.ActiveCfg = Debug|Any CPU
		{0E8F6012-E906-458E-ABC1-174A6957385C}.Debug|ARM.Build.0 = Debug|Any CPU
		{0E8F6012-E906-458E-ABC1-174A6957385C}.Debug|x64.ActiveCfg = Debug|Any CPU
		{0E8F6012-E906-458E-ABC1-174A6957385C}.Debug|x64.Build.0 = Debug|Any CPU
		{0E8F6012-E906-458E-ABC1-174A6957385C}.Debug|x86.ActiveCfg = Debug|Any CPU
		{0E8F6012-E906-458E-ABC1-174A6957385C}.Debug|x86.Build.0 = Debug|Any CPU
		{0E8F6012-E906-458E-ABC1-174A6957385C}.Release|Any CPU.ActiveCfg = Release|Any CPU
		{0E8F6012-E906-458E-ABC1-174A6957385C}.Release|Any CPU.Build.0 = Release|Any CPU
		{0E8F6012-E906-458E-ABC1-174A6957385C}.Release|ARM.ActiveCfg = Release|Any CPU
		{0E8F6012-E906-458E-ABC1-174A6957385C}.Release|ARM.Build.0 = Release|Any CPU
		{0E8F6012-E906-458E-ABC1-174A6957385C}.Release|x64.ActiveCfg = Release|Any CPU
		{0E8F6012-E906-458E-ABC1-174A6957385C}.Release|x64.Build.0 = Release|Any CPU
		{0E8F6012-E906-458E-ABC1-174A6957385C}.Release|x86.ActiveCfg = Release|Any CPU
		{0E8F6012-E906-458E-ABC1-174A6957385C}.Release|x86.Build.0 = Release|Any CPU
		{5D7D118C-EA46-4368-B883-7620A704EEE2}.Debug|Any CPU.ActiveCfg = Debug|Any CPU
		{5D7D118C-EA46-4368-B883-7620A704EEE2}.Debug|Any CPU.Build.0 = Debug|Any CPU
		{5D7D118C-EA46-4368-B883-7620A704EEE2}.Debug|ARM.ActiveCfg = Debug|Any CPU
		{5D7D118C-EA46-4368-B883-7620A704EEE2}.Debug|ARM.Build.0 = Debug|Any CPU
		{5D7D118C-EA46-4368-B883-7620A704EEE2}.Debug|x64.ActiveCfg = Debug|Any CPU
		{5D7D118C-EA46-4368-B883-7620A704EEE2}.Debug|x64.Build.0 = Debug|Any CPU
		{5D7D118C-EA46-4368-B883-7620A704EEE2}.Debug|x86.ActiveCfg = Debug|Any CPU
		{5D7D118C-EA46-4368-B883-7620A704EEE2}.Debug|x86.Build.0 = Debug|Any CPU
		{5D7D118C-EA46-4368-B883-7620A704EEE2}.Release|Any CPU.ActiveCfg = Release|Any CPU
		{5D7D118C-EA46-4368-B883-7620A704EEE2}.Release|Any CPU.Build.0 = Release|Any CPU
		{5D7D118C-EA46-4368-B883-7620A704EEE2}.Release|ARM.ActiveCfg = Release|Any CPU
		{5D7D118C-EA46-4368-B883-7620A704EEE2}.Release|ARM.Build.0 = Release|Any CPU
		{5D7D118C-EA46-4368-B883-7620A704EEE2}.Release|x64.ActiveCfg = Release|Any CPU
		{5D7D118C-EA46-4368-B883-7620A704EEE2}.Release|x64.Build.0 = Release|Any CPU
		{5D7D118C-EA46-4368-B883-7620A704EEE2}.Release|x86.ActiveCfg = Release|Any CPU
		{5D7D118C-EA46-4368-B883-7620A704EEE2}.Release|x86.Build.0 = Release|Any CPU
		{2B18C238-3961-44BE-8813-0D4A8DC89FBF}.Debug|Any CPU.ActiveCfg = Debug|Any CPU
		{2B18C238-3961-44BE-8813-0D4A8DC89FBF}.Debug|Any CPU.Build.0 = Debug|Any CPU
		{2B18C238-3961-44BE-8813-0D4A8DC89FBF}.Debug|ARM.ActiveCfg = Debug|Any CPU
		{2B18C238-3961-44BE-8813-0D4A8DC89FBF}.Debug|ARM.Build.0 = Debug|Any CPU
		{2B18C238-3961-44BE-8813-0D4A8DC89FBF}.Debug|x64.ActiveCfg = Debug|Any CPU
		{2B18C238-3961-44BE-8813-0D4A8DC89FBF}.Debug|x64.Build.0 = Debug|Any CPU
		{2B18C238-3961-44BE-8813-0D4A8DC89FBF}.Debug|x86.ActiveCfg = Debug|Any CPU
		{2B18C238-3961-44BE-8813-0D4A8DC89FBF}.Debug|x86.Build.0 = Debug|Any CPU
		{2B18C238-3961-44BE-8813-0D4A8DC89FBF}.Release|Any CPU.ActiveCfg = Release|Any CPU
		{2B18C238-3961-44BE-8813-0D4A8DC89FBF}.Release|Any CPU.Build.0 = Release|Any CPU
		{2B18C238-3961-44BE-8813-0D4A8DC89FBF}.Release|ARM.ActiveCfg = Release|Any CPU
		{2B18C238-3961-44BE-8813-0D4A8DC89FBF}.Release|ARM.Build.0 = Release|Any CPU
		{2B18C238-3961-44BE-8813-0D4A8DC89FBF}.Release|x64.ActiveCfg = Release|Any CPU
		{2B18C238-3961-44BE-8813-0D4A8DC89FBF}.Release|x64.Build.0 = Release|Any CPU
		{2B18C238-3961-44BE-8813-0D4A8DC89FBF}.Release|x86.ActiveCfg = Release|Any CPU
		{2B18C238-3961-44BE-8813-0D4A8DC89FBF}.Release|x86.Build.0 = Release|Any CPU
		{9563DB42-91A4-4D39-A609-33D420CF4794}.Debug|Any CPU.ActiveCfg = Debug|Any CPU
		{9563DB42-91A4-4D39-A609-33D420CF4794}.Debug|Any CPU.Build.0 = Debug|Any CPU
		{9563DB42-91A4-4D39-A609-33D420CF4794}.Debug|ARM.ActiveCfg = Debug|Any CPU
		{9563DB42-91A4-4D39-A609-33D420CF4794}.Debug|ARM.Build.0 = Debug|Any CPU
		{9563DB42-91A4-4D39-A609-33D420CF4794}.Debug|x64.ActiveCfg = Debug|Any CPU
		{9563DB42-91A4-4D39-A609-33D420CF4794}.Debug|x64.Build.0 = Debug|Any CPU
		{9563DB42-91A4-4D39-A609-33D420CF4794}.Debug|x86.ActiveCfg = Debug|Any CPU
		{9563DB42-91A4-4D39-A609-33D420CF4794}.Debug|x86.Build.0 = Debug|Any CPU
		{9563DB42-91A4-4D39-A609-33D420CF4794}.Release|Any CPU.ActiveCfg = Release|Any CPU
		{9563DB42-91A4-4D39-A609-33D420CF4794}.Release|Any CPU.Build.0 = Release|Any CPU
		{9563DB42-91A4-4D39-A609-33D420CF4794}.Release|ARM.ActiveCfg = Release|Any CPU
		{9563DB42-91A4-4D39-A609-33D420CF4794}.Release|ARM.Build.0 = Release|Any CPU
		{9563DB42-91A4-4D39-A609-33D420CF4794}.Release|x64.ActiveCfg = Release|Any CPU
		{9563DB42-91A4-4D39-A609-33D420CF4794}.Release|x64.Build.0 = Release|Any CPU
		{9563DB42-91A4-4D39-A609-33D420CF4794}.Release|x86.ActiveCfg = Release|Any CPU
		{9563DB42-91A4-4D39-A609-33D420CF4794}.Release|x86.Build.0 = Release|Any CPU
		{1836DE76-4712-4F7E-A6CF-567AE513E574}.Debug|Any CPU.ActiveCfg = Debug|Any CPU
		{1836DE76-4712-4F7E-A6CF-567AE513E574}.Debug|Any CPU.Build.0 = Debug|Any CPU
		{1836DE76-4712-4F7E-A6CF-567AE513E574}.Debug|ARM.ActiveCfg = Debug|Any CPU
		{1836DE76-4712-4F7E-A6CF-567AE513E574}.Debug|ARM.Build.0 = Debug|Any CPU
		{1836DE76-4712-4F7E-A6CF-567AE513E574}.Debug|x64.ActiveCfg = Debug|Any CPU
		{1836DE76-4712-4F7E-A6CF-567AE513E574}.Debug|x64.Build.0 = Debug|Any CPU
		{1836DE76-4712-4F7E-A6CF-567AE513E574}.Debug|x86.ActiveCfg = Debug|Any CPU
		{1836DE76-4712-4F7E-A6CF-567AE513E574}.Debug|x86.Build.0 = Debug|Any CPU
		{1836DE76-4712-4F7E-A6CF-567AE513E574}.Release|Any CPU.ActiveCfg = Release|Any CPU
		{1836DE76-4712-4F7E-A6CF-567AE513E574}.Release|Any CPU.Build.0 = Release|Any CPU
		{1836DE76-4712-4F7E-A6CF-567AE513E574}.Release|ARM.ActiveCfg = Release|Any CPU
		{1836DE76-4712-4F7E-A6CF-567AE513E574}.Release|ARM.Build.0 = Release|Any CPU
		{1836DE76-4712-4F7E-A6CF-567AE513E574}.Release|x64.ActiveCfg = Release|Any CPU
		{1836DE76-4712-4F7E-A6CF-567AE513E574}.Release|x64.Build.0 = Release|Any CPU
		{1836DE76-4712-4F7E-A6CF-567AE513E574}.Release|x86.ActiveCfg = Release|Any CPU
		{1836DE76-4712-4F7E-A6CF-567AE513E574}.Release|x86.Build.0 = Release|Any CPU
		{7173B4A1-1672-4638-AAAD-3E4FCBDB616D}.Debug|Any CPU.ActiveCfg = Debug|Any CPU
		{7173B4A1-1672-4638-AAAD-3E4FCBDB616D}.Debug|Any CPU.Build.0 = Debug|Any CPU
		{7173B4A1-1672-4638-AAAD-3E4FCBDB616D}.Debug|ARM.ActiveCfg = Debug|Any CPU
		{7173B4A1-1672-4638-AAAD-3E4FCBDB616D}.Debug|ARM.Build.0 = Debug|Any CPU
		{7173B4A1-1672-4638-AAAD-3E4FCBDB616D}.Debug|x64.ActiveCfg = Debug|Any CPU
		{7173B4A1-1672-4638-AAAD-3E4FCBDB616D}.Debug|x64.Build.0 = Debug|Any CPU
		{7173B4A1-1672-4638-AAAD-3E4FCBDB616D}.Debug|x86.ActiveCfg = Debug|Any CPU
		{7173B4A1-1672-4638-AAAD-3E4FCBDB616D}.Debug|x86.Build.0 = Debug|Any CPU
		{7173B4A1-1672-4638-AAAD-3E4FCBDB616D}.Release|Any CPU.ActiveCfg = Release|Any CPU
		{7173B4A1-1672-4638-AAAD-3E4FCBDB616D}.Release|Any CPU.Build.0 = Release|Any CPU
		{7173B4A1-1672-4638-AAAD-3E4FCBDB616D}.Release|ARM.ActiveCfg = Release|Any CPU
		{7173B4A1-1672-4638-AAAD-3E4FCBDB616D}.Release|ARM.Build.0 = Release|Any CPU
		{7173B4A1-1672-4638-AAAD-3E4FCBDB616D}.Release|x64.ActiveCfg = Release|Any CPU
		{7173B4A1-1672-4638-AAAD-3E4FCBDB616D}.Release|x64.Build.0 = Release|Any CPU
		{7173B4A1-1672-4638-AAAD-3E4FCBDB616D}.Release|x86.ActiveCfg = Release|Any CPU
		{7173B4A1-1672-4638-AAAD-3E4FCBDB616D}.Release|x86.Build.0 = Release|Any CPU
		{0B8551A4-A646-452D-9A8E-4E11FD736965}.Debug|Any CPU.ActiveCfg = Debug|Any CPU
		{0B8551A4-A646-452D-9A8E-4E11FD736965}.Debug|Any CPU.Build.0 = Debug|Any CPU
		{0B8551A4-A646-452D-9A8E-4E11FD736965}.Debug|ARM.ActiveCfg = Debug|Any CPU
		{0B8551A4-A646-452D-9A8E-4E11FD736965}.Debug|ARM.Build.0 = Debug|Any CPU
		{0B8551A4-A646-452D-9A8E-4E11FD736965}.Debug|x64.ActiveCfg = Debug|Any CPU
		{0B8551A4-A646-452D-9A8E-4E11FD736965}.Debug|x64.Build.0 = Debug|Any CPU
		{0B8551A4-A646-452D-9A8E-4E11FD736965}.Debug|x86.ActiveCfg = Debug|Any CPU
		{0B8551A4-A646-452D-9A8E-4E11FD736965}.Debug|x86.Build.0 = Debug|Any CPU
		{0B8551A4-A646-452D-9A8E-4E11FD736965}.Release|Any CPU.ActiveCfg = Release|Any CPU
		{0B8551A4-A646-452D-9A8E-4E11FD736965}.Release|Any CPU.Build.0 = Release|Any CPU
		{0B8551A4-A646-452D-9A8E-4E11FD736965}.Release|ARM.ActiveCfg = Release|Any CPU
		{0B8551A4-A646-452D-9A8E-4E11FD736965}.Release|ARM.Build.0 = Release|Any CPU
		{0B8551A4-A646-452D-9A8E-4E11FD736965}.Release|x64.ActiveCfg = Release|Any CPU
		{0B8551A4-A646-452D-9A8E-4E11FD736965}.Release|x64.Build.0 = Release|Any CPU
		{0B8551A4-A646-452D-9A8E-4E11FD736965}.Release|x86.ActiveCfg = Release|Any CPU
		{0B8551A4-A646-452D-9A8E-4E11FD736965}.Release|x86.Build.0 = Release|Any CPU
		{DE20F432-9C0F-4614-BF88-27AB21DF8E2E}.Debug|Any CPU.ActiveCfg = Debug|Any CPU
		{DE20F432-9C0F-4614-BF88-27AB21DF8E2E}.Debug|Any CPU.Build.0 = Debug|Any CPU
		{DE20F432-9C0F-4614-BF88-27AB21DF8E2E}.Debug|ARM.ActiveCfg = Debug|Any CPU
		{DE20F432-9C0F-4614-BF88-27AB21DF8E2E}.Debug|ARM.Build.0 = Debug|Any CPU
		{DE20F432-9C0F-4614-BF88-27AB21DF8E2E}.Debug|x64.ActiveCfg = Debug|Any CPU
		{DE20F432-9C0F-4614-BF88-27AB21DF8E2E}.Debug|x64.Build.0 = Debug|Any CPU
		{DE20F432-9C0F-4614-BF88-27AB21DF8E2E}.Debug|x86.ActiveCfg = Debug|Any CPU
		{DE20F432-9C0F-4614-BF88-27AB21DF8E2E}.Debug|x86.Build.0 = Debug|Any CPU
		{DE20F432-9C0F-4614-BF88-27AB21DF8E2E}.Release|Any CPU.ActiveCfg = Release|Any CPU
		{DE20F432-9C0F-4614-BF88-27AB21DF8E2E}.Release|Any CPU.Build.0 = Release|Any CPU
		{DE20F432-9C0F-4614-BF88-27AB21DF8E2E}.Release|ARM.ActiveCfg = Release|Any CPU
		{DE20F432-9C0F-4614-BF88-27AB21DF8E2E}.Release|ARM.Build.0 = Release|Any CPU
		{DE20F432-9C0F-4614-BF88-27AB21DF8E2E}.Release|x64.ActiveCfg = Release|Any CPU
		{DE20F432-9C0F-4614-BF88-27AB21DF8E2E}.Release|x64.Build.0 = Release|Any CPU
		{DE20F432-9C0F-4614-BF88-27AB21DF8E2E}.Release|x86.ActiveCfg = Release|Any CPU
		{DE20F432-9C0F-4614-BF88-27AB21DF8E2E}.Release|x86.Build.0 = Release|Any CPU
		{1F5B940E-367C-4122-863F-3D35D6E6D3A2}.Debug|Any CPU.ActiveCfg = Debug|Any CPU
		{1F5B940E-367C-4122-863F-3D35D6E6D3A2}.Debug|Any CPU.Build.0 = Debug|Any CPU
		{1F5B940E-367C-4122-863F-3D35D6E6D3A2}.Debug|ARM.ActiveCfg = Debug|Any CPU
		{1F5B940E-367C-4122-863F-3D35D6E6D3A2}.Debug|ARM.Build.0 = Debug|Any CPU
		{1F5B940E-367C-4122-863F-3D35D6E6D3A2}.Debug|x64.ActiveCfg = Debug|Any CPU
		{1F5B940E-367C-4122-863F-3D35D6E6D3A2}.Debug|x64.Build.0 = Debug|Any CPU
		{1F5B940E-367C-4122-863F-3D35D6E6D3A2}.Debug|x86.ActiveCfg = Debug|Any CPU
		{1F5B940E-367C-4122-863F-3D35D6E6D3A2}.Debug|x86.Build.0 = Debug|Any CPU
		{1F5B940E-367C-4122-863F-3D35D6E6D3A2}.Release|Any CPU.ActiveCfg = Release|Any CPU
		{1F5B940E-367C-4122-863F-3D35D6E6D3A2}.Release|Any CPU.Build.0 = Release|Any CPU
		{1F5B940E-367C-4122-863F-3D35D6E6D3A2}.Release|ARM.ActiveCfg = Release|Any CPU
		{1F5B940E-367C-4122-863F-3D35D6E6D3A2}.Release|ARM.Build.0 = Release|Any CPU
		{1F5B940E-367C-4122-863F-3D35D6E6D3A2}.Release|x64.ActiveCfg = Release|Any CPU
		{1F5B940E-367C-4122-863F-3D35D6E6D3A2}.Release|x64.Build.0 = Release|Any CPU
		{1F5B940E-367C-4122-863F-3D35D6E6D3A2}.Release|x86.ActiveCfg = Release|Any CPU
		{1F5B940E-367C-4122-863F-3D35D6E6D3A2}.Release|x86.Build.0 = Release|Any CPU
		{1D512EEE-733C-43B7-BD31-166EEEDD19AA}.Debug|Any CPU.ActiveCfg = Debug|Any CPU
		{1D512EEE-733C-43B7-BD31-166EEEDD19AA}.Debug|Any CPU.Build.0 = Debug|Any CPU
		{1D512EEE-733C-43B7-BD31-166EEEDD19AA}.Debug|ARM.ActiveCfg = Debug|Any CPU
		{1D512EEE-733C-43B7-BD31-166EEEDD19AA}.Debug|ARM.Build.0 = Debug|Any CPU
		{1D512EEE-733C-43B7-BD31-166EEEDD19AA}.Debug|x64.ActiveCfg = Debug|Any CPU
		{1D512EEE-733C-43B7-BD31-166EEEDD19AA}.Debug|x64.Build.0 = Debug|Any CPU
		{1D512EEE-733C-43B7-BD31-166EEEDD19AA}.Debug|x86.ActiveCfg = Debug|Any CPU
		{1D512EEE-733C-43B7-BD31-166EEEDD19AA}.Debug|x86.Build.0 = Debug|Any CPU
		{1D512EEE-733C-43B7-BD31-166EEEDD19AA}.Release|Any CPU.ActiveCfg = Release|Any CPU
		{1D512EEE-733C-43B7-BD31-166EEEDD19AA}.Release|Any CPU.Build.0 = Release|Any CPU
		{1D512EEE-733C-43B7-BD31-166EEEDD19AA}.Release|ARM.ActiveCfg = Release|Any CPU
		{1D512EEE-733C-43B7-BD31-166EEEDD19AA}.Release|ARM.Build.0 = Release|Any CPU
		{1D512EEE-733C-43B7-BD31-166EEEDD19AA}.Release|x64.ActiveCfg = Release|Any CPU
		{1D512EEE-733C-43B7-BD31-166EEEDD19AA}.Release|x64.Build.0 = Release|Any CPU
		{1D512EEE-733C-43B7-BD31-166EEEDD19AA}.Release|x86.ActiveCfg = Release|Any CPU
		{1D512EEE-733C-43B7-BD31-166EEEDD19AA}.Release|x86.Build.0 = Release|Any CPU
		{2C368A8F-201B-4F52-8FEE-6CBA4BC660DB}.Debug|Any CPU.ActiveCfg = Debug|Any CPU
		{2C368A8F-201B-4F52-8FEE-6CBA4BC660DB}.Debug|Any CPU.Build.0 = Debug|Any CPU
		{2C368A8F-201B-4F52-8FEE-6CBA4BC660DB}.Debug|ARM.ActiveCfg = Debug|Any CPU
		{2C368A8F-201B-4F52-8FEE-6CBA4BC660DB}.Debug|ARM.Build.0 = Debug|Any CPU
		{2C368A8F-201B-4F52-8FEE-6CBA4BC660DB}.Debug|x64.ActiveCfg = Debug|Any CPU
		{2C368A8F-201B-4F52-8FEE-6CBA4BC660DB}.Debug|x64.Build.0 = Debug|Any CPU
		{2C368A8F-201B-4F52-8FEE-6CBA4BC660DB}.Debug|x86.ActiveCfg = Debug|Any CPU
		{2C368A8F-201B-4F52-8FEE-6CBA4BC660DB}.Debug|x86.Build.0 = Debug|Any CPU
		{2C368A8F-201B-4F52-8FEE-6CBA4BC660DB}.Release|Any CPU.ActiveCfg = Release|Any CPU
		{2C368A8F-201B-4F52-8FEE-6CBA4BC660DB}.Release|Any CPU.Build.0 = Release|Any CPU
		{2C368A8F-201B-4F52-8FEE-6CBA4BC660DB}.Release|ARM.ActiveCfg = Release|Any CPU
		{2C368A8F-201B-4F52-8FEE-6CBA4BC660DB}.Release|ARM.Build.0 = Release|Any CPU
		{2C368A8F-201B-4F52-8FEE-6CBA4BC660DB}.Release|x64.ActiveCfg = Release|Any CPU
		{2C368A8F-201B-4F52-8FEE-6CBA4BC660DB}.Release|x64.Build.0 = Release|Any CPU
		{2C368A8F-201B-4F52-8FEE-6CBA4BC660DB}.Release|x86.ActiveCfg = Release|Any CPU
		{2C368A8F-201B-4F52-8FEE-6CBA4BC660DB}.Release|x86.Build.0 = Release|Any CPU
		{06E502CE-59D5-4978-BFF4-2A6DFA0D3DFF}.Debug|Any CPU.ActiveCfg = Debug|Any CPU
		{06E502CE-59D5-4978-BFF4-2A6DFA0D3DFF}.Debug|Any CPU.Build.0 = Debug|Any CPU
		{06E502CE-59D5-4978-BFF4-2A6DFA0D3DFF}.Debug|ARM.ActiveCfg = Debug|Any CPU
		{06E502CE-59D5-4978-BFF4-2A6DFA0D3DFF}.Debug|ARM.Build.0 = Debug|Any CPU
		{06E502CE-59D5-4978-BFF4-2A6DFA0D3DFF}.Debug|x64.ActiveCfg = Debug|Any CPU
		{06E502CE-59D5-4978-BFF4-2A6DFA0D3DFF}.Debug|x64.Build.0 = Debug|Any CPU
		{06E502CE-59D5-4978-BFF4-2A6DFA0D3DFF}.Debug|x86.ActiveCfg = Debug|Any CPU
		{06E502CE-59D5-4978-BFF4-2A6DFA0D3DFF}.Debug|x86.Build.0 = Debug|Any CPU
		{06E502CE-59D5-4978-BFF4-2A6DFA0D3DFF}.Release|Any CPU.ActiveCfg = Release|Any CPU
		{06E502CE-59D5-4978-BFF4-2A6DFA0D3DFF}.Release|Any CPU.Build.0 = Release|Any CPU
		{06E502CE-59D5-4978-BFF4-2A6DFA0D3DFF}.Release|ARM.ActiveCfg = Release|Any CPU
		{06E502CE-59D5-4978-BFF4-2A6DFA0D3DFF}.Release|ARM.Build.0 = Release|Any CPU
		{06E502CE-59D5-4978-BFF4-2A6DFA0D3DFF}.Release|x64.ActiveCfg = Release|Any CPU
		{06E502CE-59D5-4978-BFF4-2A6DFA0D3DFF}.Release|x64.Build.0 = Release|Any CPU
		{06E502CE-59D5-4978-BFF4-2A6DFA0D3DFF}.Release|x86.ActiveCfg = Release|Any CPU
		{06E502CE-59D5-4978-BFF4-2A6DFA0D3DFF}.Release|x86.Build.0 = Release|Any CPU
		{120F41E4-60C3-4862-A636-A4E1223F959A}.Debug|Any CPU.ActiveCfg = Debug|Any CPU
		{120F41E4-60C3-4862-A636-A4E1223F959A}.Debug|Any CPU.Build.0 = Debug|Any CPU
		{120F41E4-60C3-4862-A636-A4E1223F959A}.Debug|ARM.ActiveCfg = Debug|Any CPU
		{120F41E4-60C3-4862-A636-A4E1223F959A}.Debug|ARM.Build.0 = Debug|Any CPU
		{120F41E4-60C3-4862-A636-A4E1223F959A}.Debug|x64.ActiveCfg = Debug|Any CPU
		{120F41E4-60C3-4862-A636-A4E1223F959A}.Debug|x64.Build.0 = Debug|Any CPU
		{120F41E4-60C3-4862-A636-A4E1223F959A}.Debug|x86.ActiveCfg = Debug|Any CPU
		{120F41E4-60C3-4862-A636-A4E1223F959A}.Debug|x86.Build.0 = Debug|Any CPU
		{120F41E4-60C3-4862-A636-A4E1223F959A}.Release|Any CPU.ActiveCfg = Release|Any CPU
		{120F41E4-60C3-4862-A636-A4E1223F959A}.Release|Any CPU.Build.0 = Release|Any CPU
		{120F41E4-60C3-4862-A636-A4E1223F959A}.Release|ARM.ActiveCfg = Release|Any CPU
		{120F41E4-60C3-4862-A636-A4E1223F959A}.Release|ARM.Build.0 = Release|Any CPU
		{120F41E4-60C3-4862-A636-A4E1223F959A}.Release|x64.ActiveCfg = Release|Any CPU
		{120F41E4-60C3-4862-A636-A4E1223F959A}.Release|x64.Build.0 = Release|Any CPU
		{120F41E4-60C3-4862-A636-A4E1223F959A}.Release|x86.ActiveCfg = Release|Any CPU
		{120F41E4-60C3-4862-A636-A4E1223F959A}.Release|x86.Build.0 = Release|Any CPU
		{B010DBD3-8E32-4328-A5D1-1318FF94B41C}.Debug|Any CPU.ActiveCfg = Debug|Any CPU
		{B010DBD3-8E32-4328-A5D1-1318FF94B41C}.Debug|Any CPU.Build.0 = Debug|Any CPU
		{B010DBD3-8E32-4328-A5D1-1318FF94B41C}.Debug|ARM.ActiveCfg = Debug|Any CPU
		{B010DBD3-8E32-4328-A5D1-1318FF94B41C}.Debug|ARM.Build.0 = Debug|Any CPU
		{B010DBD3-8E32-4328-A5D1-1318FF94B41C}.Debug|x64.ActiveCfg = Debug|Any CPU
		{B010DBD3-8E32-4328-A5D1-1318FF94B41C}.Debug|x64.Build.0 = Debug|Any CPU
		{B010DBD3-8E32-4328-A5D1-1318FF94B41C}.Debug|x86.ActiveCfg = Debug|Any CPU
		{B010DBD3-8E32-4328-A5D1-1318FF94B41C}.Debug|x86.Build.0 = Debug|Any CPU
		{B010DBD3-8E32-4328-A5D1-1318FF94B41C}.Release|Any CPU.ActiveCfg = Release|Any CPU
		{B010DBD3-8E32-4328-A5D1-1318FF94B41C}.Release|Any CPU.Build.0 = Release|Any CPU
		{B010DBD3-8E32-4328-A5D1-1318FF94B41C}.Release|ARM.ActiveCfg = Release|Any CPU
		{B010DBD3-8E32-4328-A5D1-1318FF94B41C}.Release|ARM.Build.0 = Release|Any CPU
		{B010DBD3-8E32-4328-A5D1-1318FF94B41C}.Release|x64.ActiveCfg = Release|Any CPU
		{B010DBD3-8E32-4328-A5D1-1318FF94B41C}.Release|x64.Build.0 = Release|Any CPU
		{B010DBD3-8E32-4328-A5D1-1318FF94B41C}.Release|x86.ActiveCfg = Release|Any CPU
		{B010DBD3-8E32-4328-A5D1-1318FF94B41C}.Release|x86.Build.0 = Release|Any CPU
		{7DB840CA-2BEE-4EDD-AA15-D131917C07FC}.Debug|Any CPU.ActiveCfg = Debug|Any CPU
		{7DB840CA-2BEE-4EDD-AA15-D131917C07FC}.Debug|Any CPU.Build.0 = Debug|Any CPU
		{7DB840CA-2BEE-4EDD-AA15-D131917C07FC}.Debug|ARM.ActiveCfg = Debug|Any CPU
		{7DB840CA-2BEE-4EDD-AA15-D131917C07FC}.Debug|ARM.Build.0 = Debug|Any CPU
		{7DB840CA-2BEE-4EDD-AA15-D131917C07FC}.Debug|x64.ActiveCfg = Debug|Any CPU
		{7DB840CA-2BEE-4EDD-AA15-D131917C07FC}.Debug|x64.Build.0 = Debug|Any CPU
		{7DB840CA-2BEE-4EDD-AA15-D131917C07FC}.Debug|x86.ActiveCfg = Debug|Any CPU
		{7DB840CA-2BEE-4EDD-AA15-D131917C07FC}.Debug|x86.Build.0 = Debug|Any CPU
		{7DB840CA-2BEE-4EDD-AA15-D131917C07FC}.Release|Any CPU.ActiveCfg = Release|Any CPU
		{7DB840CA-2BEE-4EDD-AA15-D131917C07FC}.Release|Any CPU.Build.0 = Release|Any CPU
		{7DB840CA-2BEE-4EDD-AA15-D131917C07FC}.Release|ARM.ActiveCfg = Release|Any CPU
		{7DB840CA-2BEE-4EDD-AA15-D131917C07FC}.Release|ARM.Build.0 = Release|Any CPU
		{7DB840CA-2BEE-4EDD-AA15-D131917C07FC}.Release|x64.ActiveCfg = Release|Any CPU
		{7DB840CA-2BEE-4EDD-AA15-D131917C07FC}.Release|x64.Build.0 = Release|Any CPU
		{7DB840CA-2BEE-4EDD-AA15-D131917C07FC}.Release|x86.ActiveCfg = Release|Any CPU
		{7DB840CA-2BEE-4EDD-AA15-D131917C07FC}.Release|x86.Build.0 = Release|Any CPU
		{0A889ED0-CB8E-40C8-BB5A-FA25B83F06C9}.Debug|Any CPU.ActiveCfg = Debug|Any CPU
		{0A889ED0-CB8E-40C8-BB5A-FA25B83F06C9}.Debug|Any CPU.Build.0 = Debug|Any CPU
		{0A889ED0-CB8E-40C8-BB5A-FA25B83F06C9}.Debug|ARM.ActiveCfg = Debug|Any CPU
		{0A889ED0-CB8E-40C8-BB5A-FA25B83F06C9}.Debug|ARM.Build.0 = Debug|Any CPU
		{0A889ED0-CB8E-40C8-BB5A-FA25B83F06C9}.Debug|x64.ActiveCfg = Debug|Any CPU
		{0A889ED0-CB8E-40C8-BB5A-FA25B83F06C9}.Debug|x64.Build.0 = Debug|Any CPU
		{0A889ED0-CB8E-40C8-BB5A-FA25B83F06C9}.Debug|x86.ActiveCfg = Debug|Any CPU
		{0A889ED0-CB8E-40C8-BB5A-FA25B83F06C9}.Debug|x86.Build.0 = Debug|Any CPU
		{0A889ED0-CB8E-40C8-BB5A-FA25B83F06C9}.Release|Any CPU.ActiveCfg = Release|Any CPU
		{0A889ED0-CB8E-40C8-BB5A-FA25B83F06C9}.Release|Any CPU.Build.0 = Release|Any CPU
		{0A889ED0-CB8E-40C8-BB5A-FA25B83F06C9}.Release|ARM.ActiveCfg = Release|Any CPU
		{0A889ED0-CB8E-40C8-BB5A-FA25B83F06C9}.Release|ARM.Build.0 = Release|Any CPU
		{0A889ED0-CB8E-40C8-BB5A-FA25B83F06C9}.Release|x64.ActiveCfg = Release|Any CPU
		{0A889ED0-CB8E-40C8-BB5A-FA25B83F06C9}.Release|x64.Build.0 = Release|Any CPU
		{0A889ED0-CB8E-40C8-BB5A-FA25B83F06C9}.Release|x86.ActiveCfg = Release|Any CPU
		{0A889ED0-CB8E-40C8-BB5A-FA25B83F06C9}.Release|x86.Build.0 = Release|Any CPU
		{D9492788-3D70-478D-A624-A5DE5530F5AD}.Debug|Any CPU.ActiveCfg = Debug|Any CPU
		{D9492788-3D70-478D-A624-A5DE5530F5AD}.Debug|Any CPU.Build.0 = Debug|Any CPU
		{D9492788-3D70-478D-A624-A5DE5530F5AD}.Debug|ARM.ActiveCfg = Debug|Any CPU
		{D9492788-3D70-478D-A624-A5DE5530F5AD}.Debug|ARM.Build.0 = Debug|Any CPU
		{D9492788-3D70-478D-A624-A5DE5530F5AD}.Debug|x64.ActiveCfg = Debug|Any CPU
		{D9492788-3D70-478D-A624-A5DE5530F5AD}.Debug|x64.Build.0 = Debug|Any CPU
		{D9492788-3D70-478D-A624-A5DE5530F5AD}.Debug|x86.ActiveCfg = Debug|Any CPU
		{D9492788-3D70-478D-A624-A5DE5530F5AD}.Debug|x86.Build.0 = Debug|Any CPU
		{D9492788-3D70-478D-A624-A5DE5530F5AD}.Release|Any CPU.ActiveCfg = Release|Any CPU
		{D9492788-3D70-478D-A624-A5DE5530F5AD}.Release|Any CPU.Build.0 = Release|Any CPU
		{D9492788-3D70-478D-A624-A5DE5530F5AD}.Release|ARM.ActiveCfg = Release|Any CPU
		{D9492788-3D70-478D-A624-A5DE5530F5AD}.Release|ARM.Build.0 = Release|Any CPU
		{D9492788-3D70-478D-A624-A5DE5530F5AD}.Release|x64.ActiveCfg = Release|Any CPU
		{D9492788-3D70-478D-A624-A5DE5530F5AD}.Release|x64.Build.0 = Release|Any CPU
		{D9492788-3D70-478D-A624-A5DE5530F5AD}.Release|x86.ActiveCfg = Release|Any CPU
		{D9492788-3D70-478D-A624-A5DE5530F5AD}.Release|x86.Build.0 = Release|Any CPU
	EndGlobalSection
	GlobalSection(SolutionProperties) = preSolution
		HideSolutionNode = FALSE
	EndGlobalSection
EndGlobal
